
Microsoft Visual Studio Solution File, Format Version 12.00
Project("{FAE04EC0-301F-11D3-BF4B-00C04F79EFBC}") = "Observer", "Observer\Observer.csproj", "{3E78DCDA-45C7-4580-9247-A96B98022DA7}"
EndProject
Project("{FAE04EC0-301F-11D3-BF4B-00C04F79EFBC}") = "Strategy", "Strategy\Strategy.csproj", "{2D2BD799-F4D2-428C-99D1-A0DD8640B202}"
EndProject
Project("{FAE04EC0-301F-11D3-BF4B-00C04F79EFBC}") = "Adapter", "Adapter\Adapter.csproj", "{0D1E8548-CE9F-4E93-9D09-9C21D9C4077C}"
EndProject
Project("{FAE04EC0-301F-11D3-BF4B-00C04F79EFBC}") = "Builder", "Builder\Builder.csproj", "{24C223AF-C724-4C8E-8F23-77ACF300993A}"
EndProject
Project("{FAE04EC0-301F-11D3-BF4B-00C04F79EFBC}") = "State", "State\State.csproj", "{427E5FB8-F428-464F-9A79-DA7C13A74377}"
EndProject
Project("{FAE04EC0-301F-11D3-BF4B-00C04F79EFBC}") = "AbstractFactory", "AbstractFactory\AbstractFactory.csproj", "{FC43E24B-F2F7-48D2-8578-884B683E6EF0}"
EndProject
Project("{FAE04EC0-301F-11D3-BF4B-00C04F79EFBC}") = "FactoryMethod", "FactoryMethod\FactoryMethod.csproj", "{649F50C5-1D02-44AF-A4EE-7D92D1A3BCC5}"
EndProject
Project("{FAE04EC0-301F-11D3-BF4B-00C04F79EFBC}") = "Singleton", "Singleton\Singleton.csproj", "{C697C1F2-2C57-4960-8236-0A4F06867C8E}"
EndProject
Project("{FAE04EC0-301F-11D3-BF4B-00C04F79EFBC}") = "Prototype", "Prototype\Prototype.csproj", "{E68F06DB-96E7-4A04-A94B-DEACED854B1D}"
EndProject
Project("{FAE04EC0-301F-11D3-BF4B-00C04F79EFBC}") = "Proxy", "Proxy\Proxy.csproj", "{310ACDC0-D15E-46BF-9DE1-C5E8F80B7C93}"
EndProject
Project("{FAE04EC0-301F-11D3-BF4B-00C04F79EFBC}") = "Bridge", "Bridge\Bridge.csproj", "{9FEABD2D-BD76-4AEA-886E-4F9BB1E912A4}"
EndProject
Project("{FAE04EC0-301F-11D3-BF4B-00C04F79EFBC}") = "Decorator", "Decorator\Decorator.csproj", "{6A3457B8-898A-4A6D-B290-393810AA9E9B}"
EndProject
Global
	GlobalSection(SolutionConfigurationPlatforms) = preSolution
		Debug|Any CPU = Debug|Any CPU
		Release|Any CPU = Release|Any CPU
	EndGlobalSection
	GlobalSection(ProjectConfigurationPlatforms) = postSolution
		{3E78DCDA-45C7-4580-9247-A96B98022DA7}.Debug|Any CPU.ActiveCfg = Debug|Any CPU
		{3E78DCDA-45C7-4580-9247-A96B98022DA7}.Debug|Any CPU.Build.0 = Debug|Any CPU
		{3E78DCDA-45C7-4580-9247-A96B98022DA7}.Release|Any CPU.ActiveCfg = Release|Any CPU
		{3E78DCDA-45C7-4580-9247-A96B98022DA7}.Release|Any CPU.Build.0 = Release|Any CPU
		{2D2BD799-F4D2-428C-99D1-A0DD8640B202}.Debug|Any CPU.ActiveCfg = Debug|Any CPU
		{2D2BD799-F4D2-428C-99D1-A0DD8640B202}.Debug|Any CPU.Build.0 = Debug|Any CPU
		{2D2BD799-F4D2-428C-99D1-A0DD8640B202}.Release|Any CPU.ActiveCfg = Release|Any CPU
		{2D2BD799-F4D2-428C-99D1-A0DD8640B202}.Release|Any CPU.Build.0 = Release|Any CPU
		{0D1E8548-CE9F-4E93-9D09-9C21D9C4077C}.Debug|Any CPU.ActiveCfg = Debug|Any CPU
		{0D1E8548-CE9F-4E93-9D09-9C21D9C4077C}.Debug|Any CPU.Build.0 = Debug|Any CPU
		{0D1E8548-CE9F-4E93-9D09-9C21D9C4077C}.Release|Any CPU.ActiveCfg = Release|Any CPU
		{0D1E8548-CE9F-4E93-9D09-9C21D9C4077C}.Release|Any CPU.Build.0 = Release|Any CPU
		{24C223AF-C724-4C8E-8F23-77ACF300993A}.Debug|Any CPU.ActiveCfg = Debug|Any CPU
		{24C223AF-C724-4C8E-8F23-77ACF300993A}.Debug|Any CPU.Build.0 = Debug|Any CPU
		{24C223AF-C724-4C8E-8F23-77ACF300993A}.Release|Any CPU.ActiveCfg = Release|Any CPU
		{24C223AF-C724-4C8E-8F23-77ACF300993A}.Release|Any CPU.Build.0 = Release|Any CPU
		{427E5FB8-F428-464F-9A79-DA7C13A74377}.Debug|Any CPU.ActiveCfg = Debug|Any CPU
		{427E5FB8-F428-464F-9A79-DA7C13A74377}.Debug|Any CPU.Build.0 = Debug|Any CPU
		{427E5FB8-F428-464F-9A79-DA7C13A74377}.Release|Any CPU.ActiveCfg = Release|Any CPU
		{427E5FB8-F428-464F-9A79-DA7C13A74377}.Release|Any CPU.Build.0 = Release|Any CPU
		{FC43E24B-F2F7-48D2-8578-884B683E6EF0}.Debug|Any CPU.ActiveCfg = Debug|Any CPU
		{FC43E24B-F2F7-48D2-8578-884B683E6EF0}.Debug|Any CPU.Build.0 = Debug|Any CPU
		{FC43E24B-F2F7-48D2-8578-884B683E6EF0}.Release|Any CPU.ActiveCfg = Release|Any CPU
		{FC43E24B-F2F7-48D2-8578-884B683E6EF0}.Release|Any CPU.Build.0 = Release|Any CPU
		{649F50C5-1D02-44AF-A4EE-7D92D1A3BCC5}.Debug|Any CPU.ActiveCfg = Debug|Any CPU
		{649F50C5-1D02-44AF-A4EE-7D92D1A3BCC5}.Debug|Any CPU.Build.0 = Debug|Any CPU
		{649F50C5-1D02-44AF-A4EE-7D92D1A3BCC5}.Release|Any CPU.ActiveCfg = Release|Any CPU
		{649F50C5-1D02-44AF-A4EE-7D92D1A3BCC5}.Release|Any CPU.Build.0 = Release|Any CPU
		{C697C1F2-2C57-4960-8236-0A4F06867C8E}.Debug|Any CPU.ActiveCfg = Debug|Any CPU
		{C697C1F2-2C57-4960-8236-0A4F06867C8E}.Debug|Any CPU.Build.0 = Debug|Any CPU
		{C697C1F2-2C57-4960-8236-0A4F06867C8E}.Release|Any CPU.ActiveCfg = Release|Any CPU
		{C697C1F2-2C57-4960-8236-0A4F06867C8E}.Release|Any CPU.Build.0 = Release|Any CPU
		{E68F06DB-96E7-4A04-A94B-DEACED854B1D}.Debug|Any CPU.ActiveCfg = Debug|Any CPU
		{E68F06DB-96E7-4A04-A94B-DEACED854B1D}.Debug|Any CPU.Build.0 = Debug|Any CPU
		{E68F06DB-96E7-4A04-A94B-DEACED854B1D}.Release|Any CPU.ActiveCfg = Release|Any CPU
		{E68F06DB-96E7-4A04-A94B-DEACED854B1D}.Release|Any CPU.Build.0 = Release|Any CPU
		{310ACDC0-D15E-46BF-9DE1-C5E8F80B7C93}.Debug|Any CPU.ActiveCfg = Debug|Any CPU
		{310ACDC0-D15E-46BF-9DE1-C5E8F80B7C93}.Debug|Any CPU.Build.0 = Debug|Any CPU
		{310ACDC0-D15E-46BF-9DE1-C5E8F80B7C93}.Release|Any CPU.ActiveCfg = Release|Any CPU
		{310ACDC0-D15E-46BF-9DE1-C5E8F80B7C93}.Release|Any CPU.Build.0 = Release|Any CPU
		{9FEABD2D-BD76-4AEA-886E-4F9BB1E912A4}.Debug|Any CPU.ActiveCfg = Debug|Any CPU
		{9FEABD2D-BD76-4AEA-886E-4F9BB1E912A4}.Debug|Any CPU.Build.0 = Debug|Any CPU
		{9FEABD2D-BD76-4AEA-886E-4F9BB1E912A4}.Release|Any CPU.ActiveCfg = Release|Any CPU
		{9FEABD2D-BD76-4AEA-886E-4F9BB1E912A4}.Release|Any CPU.Build.0 = Release|Any CPU
		{6A3457B8-898A-4A6D-B290-393810AA9E9B}.Debug|Any CPU.ActiveCfg = Debug|Any CPU
		{6A3457B8-898A-4A6D-B290-393810AA9E9B}.Debug|Any CPU.Build.0 = Debug|Any CPU
		{6A3457B8-898A-4A6D-B290-393810AA9E9B}.Release|Any CPU.ActiveCfg = Release|Any CPU
		{6A3457B8-898A-4A6D-B290-393810AA9E9B}.Release|Any CPU.Build.0 = Release|Any CPU
	EndGlobalSection
EndGlobal
