
Microsoft Visual Studio Solution File, Format Version 12.00
Project("{FAE04EC0-301F-11D3-BF4B-00C04F79EFBC}") = "Observer", "Observer\Observer.csproj", "{3E78DCDA-45C7-4580-9247-A96B98022DA7}"
EndProject
Project("{FAE04EC0-301F-11D3-BF4B-00C04F79EFBC}") = "Strategy", "Strategy\Strategy.csproj", "{2D2BD799-F4D2-428C-99D1-A0DD8640B202}"
EndProject
Project("{FAE04EC0-301F-11D3-BF4B-00C04F79EFBC}") = "Adapter", "Adapter\Adapter.csproj", "{0D1E8548-CE9F-4E93-9D09-9C21D9C4077C}"
EndProject
Project("{FAE04EC0-301F-11D3-BF4B-00C04F79EFBC}") = "Builder", "Builder\Builder.csproj", "{24C223AF-C724-4C8E-8F23-77ACF300993A}"
EndProject
Project("{FAE04EC0-301F-11D3-BF4B-00C04F79EFBC}") = "State", "State\State.csproj", "{427E5FB8-F428-464F-9A79-DA7C13A74377}"
EndProject
Project("{FAE04EC0-301F-11D3-BF4B-00C04F79EFBC}") = "AbstractFactory", "AbstractFactory\AbstractFactory.csproj", "{FC43E24B-F2F7-48D2-8578-884B683E6EF0}"
EndProject
Global
	GlobalSection(SolutionConfigurationPlatforms) = preSolution
		Debug|Any CPU = Debug|Any CPU
		Release|Any CPU = Release|Any CPU
	EndGlobalSection
	GlobalSection(ProjectConfigurationPlatforms) = postSolution
		{3E78DCDA-45C7-4580-9247-A96B98022DA7}.Debug|Any CPU.ActiveCfg = Debug|Any CPU
		{3E78DCDA-45C7-4580-9247-A96B98022DA7}.Debug|Any CPU.Build.0 = Debug|Any CPU
		{3E78DCDA-45C7-4580-9247-A96B98022DA7}.Release|Any CPU.ActiveCfg = Release|Any CPU
		{3E78DCDA-45C7-4580-9247-A96B98022DA7}.Release|Any CPU.Build.0 = Release|Any CPU
		{2D2BD799-F4D2-428C-99D1-A0DD8640B202}.Debug|Any CPU.ActiveCfg = Debug|Any CPU
		{2D2BD799-F4D2-428C-99D1-A0DD8640B202}.Debug|Any CPU.Build.0 = Debug|Any CPU
		{2D2BD799-F4D2-428C-99D1-A0DD8640B202}.Release|Any CPU.ActiveCfg = Release|Any CPU
		{2D2BD799-F4D2-428C-99D1-A0DD8640B202}.Release|Any CPU.Build.0 = Release|Any CPU
		{0D1E8548-CE9F-4E93-9D09-9C21D9C4077C}.Debug|Any CPU.ActiveCfg = Debug|Any CPU
		{0D1E8548-CE9F-4E93-9D09-9C21D9C4077C}.Debug|Any CPU.Build.0 = Debug|Any CPU
		{0D1E8548-CE9F-4E93-9D09-9C21D9C4077C}.Release|Any CPU.ActiveCfg = Release|Any CPU
		{0D1E8548-CE9F-4E93-9D09-9C21D9C4077C}.Release|Any CPU.Build.0 = Release|Any CPU
		{24C223AF-C724-4C8E-8F23-77ACF300993A}.Debug|Any CPU.ActiveCfg = Debug|Any CPU
		{24C223AF-C724-4C8E-8F23-77ACF300993A}.Debug|Any CPU.Build.0 = Debug|Any CPU
		{24C223AF-C724-4C8E-8F23-77ACF300993A}.Release|Any CPU.ActiveCfg = Release|Any CPU
		{24C223AF-C724-4C8E-8F23-77ACF300993A}.Release|Any CPU.Build.0 = Release|Any CPU
		{427E5FB8-F428-464F-9A79-DA7C13A74377}.Debug|Any CPU.ActiveCfg = Debug|Any CPU
		{427E5FB8-F428-464F-9A79-DA7C13A74377}.Debug|Any CPU.Build.0 = Debug|Any CPU
		{427E5FB8-F428-464F-9A79-DA7C13A74377}.Release|Any CPU.ActiveCfg = Release|Any CPU
		{427E5FB8-F428-464F-9A79-DA7C13A74377}.Release|Any CPU.Build.0 = Release|Any CPU
		{FC43E24B-F2F7-48D2-8578-884B683E6EF0}.Debug|Any CPU.ActiveCfg = Debug|Any CPU
		{FC43E24B-F2F7-48D2-8578-884B683E6EF0}.Debug|Any CPU.Build.0 = Debug|Any CPU
		{FC43E24B-F2F7-48D2-8578-884B683E6EF0}.Release|Any CPU.ActiveCfg = Release|Any CPU
		{FC43E24B-F2F7-48D2-8578-884B683E6EF0}.Release|Any CPU.Build.0 = Release|Any CPU
	EndGlobalSection
EndGlobal
